
Microsoft Visual Studio Solution File, Format Version 12.00
# Visual Studio 15
Project("{FAE04EC0-301F-11D3-BF4B-00C04F79EFBC}") = "UnityEngine.TestRunner", "UnityEngine.TestRunner.csproj", "{33E20DB5-409D-1AFB-6CB4-34C802289036}"
EndProject
Project("{FAE04EC0-301F-11D3-BF4B-00C04F79EFBC}") = "UnityEngine.UI", "UnityEngine.UI.csproj", "{ED8C0C71-6A24-6F40-A1BC-6E33929843F8}"
EndProject
Project("{FAE04EC0-301F-11D3-BF4B-00C04F79EFBC}") = "Unity.TextMeshPro", "Unity.TextMeshPro.csproj", "{15513AD3-3362-39D4-6036-945E790C90DD}"
EndProject
Project("{FAE04EC0-301F-11D3-BF4B-00C04F79EFBC}") = "Unity.Timeline", "Unity.Timeline.csproj", "{2B12D5E6-D06B-8782-AD71-F32A13880B24}"
EndProject
Project("{FAE04EC0-301F-11D3-BF4B-00C04F79EFBC}") = "UnityEditor.TestRunner", "UnityEditor.TestRunner.csproj", "{EA9A8F80-DAA1-D248-84E5-46010400BAEA}"
EndProject
Project("{FAE04EC0-301F-11D3-BF4B-00C04F79EFBC}") = "Unity.VisualStudio.Editor", "Unity.VisualStudio.Editor.csproj", "{805F1845-A6E9-3B92-C94B-DEFAB9220EF2}"
EndProject
Project("{FAE04EC0-301F-11D3-BF4B-00C04F79EFBC}") = "Unity.TextMeshPro.Editor", "Unity.TextMeshPro.Editor.csproj", "{D917DA2E-8712-D886-0319-B4BD6B0806C6}"
EndProject
Project("{FAE04EC0-301F-11D3-BF4B-00C04F79EFBC}") = "Unity.Timeline.Editor", "Unity.Timeline.Editor.csproj", "{187E4583-3B57-2587-C479-82CF263998BF}"
EndProject
Project("{FAE04EC0-301F-11D3-BF4B-00C04F79EFBC}") = "Unity.PlasticSCM.Editor", "Unity.PlasticSCM.Editor.csproj", "{A90A6ED0-7DF7-0FBA-DF92-A6D55A6AEECF}"
EndProject
Project("{FAE04EC0-301F-11D3-BF4B-00C04F79EFBC}") = "UnityEditor.UI", "UnityEditor.UI.csproj", "{154A3F53-6C8B-D87B-2457-2657B52B1E04}"
EndProject
Project("{FAE04EC0-301F-11D3-BF4B-00C04F79EFBC}") = "Unity.Rider.Editor", "Unity.Rider.Editor.csproj", "{DE54A23C-D83D-B21F-ADCD-FF46EA6294C5}"
EndProject
Project("{FAE04EC0-301F-11D3-BF4B-00C04F79EFBC}") = "Unity.CollabProxy.Editor", "Unity.CollabProxy.Editor.csproj", "{4A05E3F0-E996-2CD4-4F00-0C9D07F8770D}"
EndProject
Project("{FAE04EC0-301F-11D3-BF4B-00C04F79EFBC}") = "Unity.VSCode.Editor", "Unity.VSCode.Editor.csproj", "{6BDCD65F-C370-1B3A-1E3D-F75D1D424B64}"
EndProject
Project("{FAE04EC0-301F-11D3-BF4B-00C04F79EFBC}") = "UnityEngine.TestRunner", "UnityEngine.TestRunner.Player.csproj", "{0484E656-B3B0-D237-ED2A-B7E674E60634}"
EndProject
Project("{FAE04EC0-301F-11D3-BF4B-00C04F79EFBC}") = "UnityEngine.UI", "UnityEngine.UI.Player.csproj", "{CC9FBFB9-AABE-607E-5120-9E40C65EAF37}"
EndProject
Project("{FAE04EC0-301F-11D3-BF4B-00C04F79EFBC}") = "Unity.TextMeshPro", "Unity.TextMeshPro.Player.csproj", "{4F9DA4AF-E708-BA92-9946-1304558A663C}"
EndProject
Project("{FAE04EC0-301F-11D3-BF4B-00C04F79EFBC}") = "Unity.Timeline", "Unity.Timeline.Player.csproj", "{F157CB33-0308-6A46-0331-84D1F9B543AB}"
EndProject
Global
	GlobalSection(SolutionConfigurationPlatforms) = preSolution
		Debug|Any CPU = Debug|Any CPU
		Release|Any CPU = Release|Any CPU
	EndGlobalSection
	GlobalSection(ProjectConfigurationPlatforms) = postSolution
		{33E20DB5-409D-1AFB-6CB4-34C802289036}.Debug|Any CPU.ActiveCfg = Debug|Any CPU
		{33E20DB5-409D-1AFB-6CB4-34C802289036}.Debug|Any CPU.Build.0 = Debug|Any CPU
		{33E20DB5-409D-1AFB-6CB4-34C802289036}.Release|Any CPU.ActiveCfg = Release|Any CPU
		{33E20DB5-409D-1AFB-6CB4-34C802289036}.Release|Any CPU.Build.0 = Release|Any CPU
		{ED8C0C71-6A24-6F40-A1BC-6E33929843F8}.Debug|Any CPU.ActiveCfg = Debug|Any CPU
		{ED8C0C71-6A24-6F40-A1BC-6E33929843F8}.Debug|Any CPU.Build.0 = Debug|Any CPU
		{ED8C0C71-6A24-6F40-A1BC-6E33929843F8}.Release|Any CPU.ActiveCfg = Release|Any CPU
		{ED8C0C71-6A24-6F40-A1BC-6E33929843F8}.Release|Any CPU.Build.0 = Release|Any CPU
		{15513AD3-3362-39D4-6036-945E790C90DD}.Debug|Any CPU.ActiveCfg = Debug|Any CPU
		{15513AD3-3362-39D4-6036-945E790C90DD}.Debug|Any CPU.Build.0 = Debug|Any CPU
		{15513AD3-3362-39D4-6036-945E790C90DD}.Release|Any CPU.ActiveCfg = Release|Any CPU
		{15513AD3-3362-39D4-6036-945E790C90DD}.Release|Any CPU.Build.0 = Release|Any CPU
		{2B12D5E6-D06B-8782-AD71-F32A13880B24}.Debug|Any CPU.ActiveCfg = Debug|Any CPU
		{2B12D5E6-D06B-8782-AD71-F32A13880B24}.Debug|Any CPU.Build.0 = Debug|Any CPU
		{2B12D5E6-D06B-8782-AD71-F32A13880B24}.Release|Any CPU.ActiveCfg = Release|Any CPU
		{2B12D5E6-D06B-8782-AD71-F32A13880B24}.Release|Any CPU.Build.0 = Release|Any CPU
		{EA9A8F80-DAA1-D248-84E5-46010400BAEA}.Debug|Any CPU.ActiveCfg = Debug|Any CPU
		{EA9A8F80-DAA1-D248-84E5-46010400BAEA}.Debug|Any CPU.Build.0 = Debug|Any CPU
		{EA9A8F80-DAA1-D248-84E5-46010400BAEA}.Release|Any CPU.ActiveCfg = Release|Any CPU
		{EA9A8F80-DAA1-D248-84E5-46010400BAEA}.Release|Any CPU.Build.0 = Release|Any CPU
		{805F1845-A6E9-3B92-C94B-DEFAB9220EF2}.Debug|Any CPU.ActiveCfg = Debug|Any CPU
		{805F1845-A6E9-3B92-C94B-DEFAB9220EF2}.Debug|Any CPU.Build.0 = Debug|Any CPU
		{805F1845-A6E9-3B92-C94B-DEFAB9220EF2}.Release|Any CPU.ActiveCfg = Release|Any CPU
		{805F1845-A6E9-3B92-C94B-DEFAB9220EF2}.Release|Any CPU.Build.0 = Release|Any CPU
		{D917DA2E-8712-D886-0319-B4BD6B0806C6}.Debug|Any CPU.ActiveCfg = Debug|Any CPU
		{D917DA2E-8712-D886-0319-B4BD6B0806C6}.Debug|Any CPU.Build.0 = Debug|Any CPU
		{D917DA2E-8712-D886-0319-B4BD6B0806C6}.Release|Any CPU.ActiveCfg = Release|Any CPU
		{D917DA2E-8712-D886-0319-B4BD6B0806C6}.Release|Any CPU.Build.0 = Release|Any CPU
		{187E4583-3B57-2587-C479-82CF263998BF}.Debug|Any CPU.ActiveCfg = Debug|Any CPU
		{187E4583-3B57-2587-C479-82CF263998BF}.Debug|Any CPU.Build.0 = Debug|Any CPU
		{187E4583-3B57-2587-C479-82CF263998BF}.Release|Any CPU.ActiveCfg = Release|Any CPU
		{187E4583-3B57-2587-C479-82CF263998BF}.Release|Any CPU.Build.0 = Release|Any CPU
		{A90A6ED0-7DF7-0FBA-DF92-A6D55A6AEECF}.Debug|Any CPU.ActiveCfg = Debug|Any CPU
		{A90A6ED0-7DF7-0FBA-DF92-A6D55A6AEECF}.Debug|Any CPU.Build.0 = Debug|Any CPU
		{A90A6ED0-7DF7-0FBA-DF92-A6D55A6AEECF}.Release|Any CPU.ActiveCfg = Release|Any CPU
		{A90A6ED0-7DF7-0FBA-DF92-A6D55A6AEECF}.Release|Any CPU.Build.0 = Release|Any CPU
		{154A3F53-6C8B-D87B-2457-2657B52B1E04}.Debug|Any CPU.ActiveCfg = Debug|Any CPU
		{154A3F53-6C8B-D87B-2457-2657B52B1E04}.Debug|Any CPU.Build.0 = Debug|Any CPU
		{154A3F53-6C8B-D87B-2457-2657B52B1E04}.Release|Any CPU.ActiveCfg = Release|Any CPU
		{154A3F53-6C8B-D87B-2457-2657B52B1E04}.Release|Any CPU.Build.0 = Release|Any CPU
		{DE54A23C-D83D-B21F-ADCD-FF46EA6294C5}.Debug|Any CPU.ActiveCfg = Debug|Any CPU
		{DE54A23C-D83D-B21F-ADCD-FF46EA6294C5}.Debug|Any CPU.Build.0 = Debug|Any CPU
		{DE54A23C-D83D-B21F-ADCD-FF46EA6294C5}.Release|Any CPU.ActiveCfg = Release|Any CPU
		{DE54A23C-D83D-B21F-ADCD-FF46EA6294C5}.Release|Any CPU.Build.0 = Release|Any CPU
		{4A05E3F0-E996-2CD4-4F00-0C9D07F8770D}.Debug|Any CPU.ActiveCfg = Debug|Any CPU
		{4A05E3F0-E996-2CD4-4F00-0C9D07F8770D}.Debug|Any CPU.Build.0 = Debug|Any CPU
		{4A05E3F0-E996-2CD4-4F00-0C9D07F8770D}.Release|Any CPU.ActiveCfg = Release|Any CPU
		{4A05E3F0-E996-2CD4-4F00-0C9D07F8770D}.Release|Any CPU.Build.0 = Release|Any CPU
		{6BDCD65F-C370-1B3A-1E3D-F75D1D424B64}.Debug|Any CPU.ActiveCfg = Debug|Any CPU
		{6BDCD65F-C370-1B3A-1E3D-F75D1D424B64}.Debug|Any CPU.Build.0 = Debug|Any CPU
		{6BDCD65F-C370-1B3A-1E3D-F75D1D424B64}.Release|Any CPU.ActiveCfg = Release|Any CPU
		{6BDCD65F-C370-1B3A-1E3D-F75D1D424B64}.Release|Any CPU.Build.0 = Release|Any CPU
		{0484E656-B3B0-D237-ED2A-B7E674E60634}.Debug|Any CPU.ActiveCfg = Debug|Any CPU
		{0484E656-B3B0-D237-ED2A-B7E674E60634}.Debug|Any CPU.Build.0 = Debug|Any CPU
		{0484E656-B3B0-D237-ED2A-B7E674E60634}.Release|Any CPU.ActiveCfg = Release|Any CPU
		{0484E656-B3B0-D237-ED2A-B7E674E60634}.Release|Any CPU.Build.0 = Release|Any CPU
		{CC9FBFB9-AABE-607E-5120-9E40C65EAF37}.Debug|Any CPU.ActiveCfg = Debug|Any CPU
		{CC9FBFB9-AABE-607E-5120-9E40C65EAF37}.Debug|Any CPU.Build.0 = Debug|Any CPU
		{CC9FBFB9-AABE-607E-5120-9E40C65EAF37}.Release|Any CPU.ActiveCfg = Release|Any CPU
		{CC9FBFB9-AABE-607E-5120-9E40C65EAF37}.Release|Any CPU.Build.0 = Release|Any CPU
		{4F9DA4AF-E708-BA92-9946-1304558A663C}.Debug|Any CPU.ActiveCfg = Debug|Any CPU
		{4F9DA4AF-E708-BA92-9946-1304558A663C}.Debug|Any CPU.Build.0 = Debug|Any CPU
		{4F9DA4AF-E708-BA92-9946-1304558A663C}.Release|Any CPU.ActiveCfg = Release|Any CPU
		{4F9DA4AF-E708-BA92-9946-1304558A663C}.Release|Any CPU.Build.0 = Release|Any CPU
		{F157CB33-0308-6A46-0331-84D1F9B543AB}.Debug|Any CPU.ActiveCfg = Debug|Any CPU
		{F157CB33-0308-6A46-0331-84D1F9B543AB}.Debug|Any CPU.Build.0 = Debug|Any CPU
		{F157CB33-0308-6A46-0331-84D1F9B543AB}.Release|Any CPU.ActiveCfg = Release|Any CPU
		{F157CB33-0308-6A46-0331-84D1F9B543AB}.Release|Any CPU.Build.0 = Release|Any CPU
	EndGlobalSection
	GlobalSection(SolutionProperties) = preSolution
		HideSolutionNode = FALSE
	EndGlobalSection
EndGlobal
